
Microsoft Visual Studio Solution File, Format Version 12.00
# Visual Studio Version 17
VisualStudioVersion = 17.6.33815.320
MinimumVisualStudioVersion = 10.0.40219.1
Project("{9A19103F-16F7-4668-BE54-9A1E7A4F7556}") = "App.Web.Mvc", "App.Web.Mvc\App.Web.Mvc.csproj", "{1E270435-E609-4B72-AAC1-757FBDADE6F7}"
EndProject
Project("{FAE04EC0-301F-11D3-BF4B-00C04F79EFBC}") = "App.Data", "App.Data\App.Data.csproj", "{A3A69C09-CF77-4CC4-A1B6-298E9C14855F}"
EndProject
Global
	GlobalSection(SolutionConfigurationPlatforms) = preSolution
		Debug|Any CPU = Debug|Any CPU
		Release|Any CPU = Release|Any CPU
	EndGlobalSection
	GlobalSection(ProjectConfigurationPlatforms) = postSolution
		{1E270435-E609-4B72-AAC1-757FBDADE6F7}.Debug|Any CPU.ActiveCfg = Debug|Any CPU
		{1E270435-E609-4B72-AAC1-757FBDADE6F7}.Debug|Any CPU.Build.0 = Debug|Any CPU
		{1E270435-E609-4B72-AAC1-757FBDADE6F7}.Release|Any CPU.ActiveCfg = Release|Any CPU
		{1E270435-E609-4B72-AAC1-757FBDADE6F7}.Release|Any CPU.Build.0 = Release|Any CPU
		{A3A69C09-CF77-4CC4-A1B6-298E9C14855F}.Debug|Any CPU.ActiveCfg = Debug|Any CPU
		{A3A69C09-CF77-4CC4-A1B6-298E9C14855F}.Debug|Any CPU.Build.0 = Debug|Any CPU
		{A3A69C09-CF77-4CC4-A1B6-298E9C14855F}.Release|Any CPU.ActiveCfg = Release|Any CPU
		{A3A69C09-CF77-4CC4-A1B6-298E9C14855F}.Release|Any CPU.Build.0 = Release|Any CPU
	EndGlobalSection
	GlobalSection(SolutionProperties) = preSolution
		HideSolutionNode = FALSE
	EndGlobalSection
	GlobalSection(ExtensibilityGlobals) = postSolution
		SolutionGuid = {B65542EA-AFEE-4918-8AF4-50F8A4866F50}
	EndGlobalSection
EndGlobal
